// !$*UTF8*$!
{
	archiveVersion = 1;
	classes = {
	};
	objectVersion = 48;
	objects = {

/* Begin PBXBuildFile section */
		F40EA47D1FD9BD7200D4B06E /* AppDelegate.swift in Sources */ = {isa = PBXBuildFile; fileRef = F40EA47C1FD9BD7200D4B06E /* AppDelegate.swift */; };
		F40EA4821FD9BD7200D4B06E /* Main.storyboard in Resources */ = {isa = PBXBuildFile; fileRef = F40EA4801FD9BD7200D4B06E /* Main.storyboard */; };
		F40EA4841FD9BD7200D4B06E /* Assets.xcassets in Resources */ = {isa = PBXBuildFile; fileRef = F40EA4831FD9BD7200D4B06E /* Assets.xcassets */; };
		F40EA4871FD9BD7200D4B06E /* LaunchScreen.storyboard in Resources */ = {isa = PBXBuildFile; fileRef = F40EA4851FD9BD7200D4B06E /* LaunchScreen.storyboard */; };
		F40EA48F1FD9BEDD00D4B06E /* BuildingsTableViewController.swift in Sources */ = {isa = PBXBuildFile; fileRef = F40EA48E1FD9BEDD00D4B06E /* BuildingsTableViewController.swift */; };
		F40EA4911FD9BEFA00D4B06E /* BuildingDetailsViewController.swift in Sources */ = {isa = PBXBuildFile; fileRef = F40EA4901FD9BEFA00D4B06E /* BuildingDetailsViewController.swift */; };
/* End PBXBuildFile section */

/* Begin PBXFileReference section */
		F40EA4791FD9BD7200D4B06E /* Doors Open Ottawa.app */ = {isa = PBXFileReference; explicitFileType = wrapper.application; includeInIndex = 0; path = "Doors Open Ottawa.app"; sourceTree = BUILT_PRODUCTS_DIR; };
		F40EA47C1FD9BD7200D4B06E /* AppDelegate.swift */ = {isa = PBXFileReference; lastKnownFileType = sourcecode.swift; path = AppDelegate.swift; sourceTree = "<group>"; };
		F40EA4811FD9BD7200D4B06E /* Base */ = {isa = PBXFileReference; lastKnownFileType = file.storyboard; name = Base; path = Base.lproj/Main.storyboard; sourceTree = "<group>"; };
		F40EA4831FD9BD7200D4B06E /* Assets.xcassets */ = {isa = PBXFileReference; lastKnownFileType = folder.assetcatalog; path = Assets.xcassets; sourceTree = "<group>"; };
		F40EA4861FD9BD7200D4B06E /* Base */ = {isa = PBXFileReference; lastKnownFileType = file.storyboard; name = Base; path = Base.lproj/LaunchScreen.storyboard; sourceTree = "<group>"; };
		F40EA4881FD9BD7200D4B06E /* Info.plist */ = {isa = PBXFileReference; lastKnownFileType = text.plist.xml; path = Info.plist; sourceTree = "<group>"; };
		F40EA48E1FD9BEDD00D4B06E /* BuildingsTableViewController.swift */ = {isa = PBXFileReference; lastKnownFileType = sourcecode.swift; path = BuildingsTableViewController.swift; sourceTree = "<group>"; };
		F40EA4901FD9BEFA00D4B06E /* BuildingDetailsViewController.swift */ = {isa = PBXFileReference; lastKnownFileType = sourcecode.swift; path = BuildingDetailsViewController.swift; sourceTree = "<group>"; };
/* End PBXFileReference section */

/* Begin PBXFrameworksBuildPhase section */
		F40EA4761FD9BD7200D4B06E /* Frameworks */ = {
			isa = PBXFrameworksBuildPhase;
			buildActionMask = 2147483647;
			files = (
			);
			runOnlyForDeploymentPostprocessing = 0;
		};
/* End PBXFrameworksBuildPhase section */

/* Begin PBXGroup section */
		F40EA4701FD9BD7200D4B06E = {
			isa = PBXGroup;
			children = (
				F40EA47B1FD9BD7200D4B06E /* Doors Open Ottawa */,
				F40EA47A1FD9BD7200D4B06E /* Products */,
			);
			sourceTree = "<group>";
		};
		F40EA47A1FD9BD7200D4B06E /* Products */ = {
			isa = PBXGroup;
			children = (
				F40EA4791FD9BD7200D4B06E /* Doors Open Ottawa.app */,
			);
			name = Products;
			sourceTree = "<group>";
		};
		F40EA47B1FD9BD7200D4B06E /* Doors Open Ottawa */ = {
			isa = PBXGroup;
			children = (
				F40EA47C1FD9BD7200D4B06E /* AppDelegate.swift */,
				F40EA4801FD9BD7200D4B06E /* Main.storyboard */,
				F40EA4831FD9BD7200D4B06E /* Assets.xcassets */,
				F40EA4851FD9BD7200D4B06E /* LaunchScreen.storyboard */,
				F40EA4881FD9BD7200D4B06E /* Info.plist */,
				F40EA48E1FD9BEDD00D4B06E /* BuildingsTableViewController.swift */,
				F40EA4901FD9BEFA00D4B06E /* BuildingDetailsViewController.swift */,
			);
			path = "Doors Open Ottawa";
			sourceTree = "<group>";
		};
/* End PBXGroup section */

/* Begin PBXNativeTarget section */
		F40EA4781FD9BD7200D4B06E /* Doors Open Ottawa */ = {
			isa = PBXNativeTarget;
			buildConfigurationList = F40EA48B1FD9BD7200D4B06E /* Build configuration list for PBXNativeTarget "Doors Open Ottawa" */;
			buildPhases = (
				F40EA4751FD9BD7200D4B06E /* Sources */,
				F40EA4761FD9BD7200D4B06E /* Frameworks */,
				F40EA4771FD9BD7200D4B06E /* Resources */,
			);
			buildRules = (
			);
			dependencies = (
			);
			name = "Doors Open Ottawa";
			productName = "Doors Open Ottawa";
			productReference = F40EA4791FD9BD7200D4B06E /* Doors Open Ottawa.app */;
			productType = "com.apple.product-type.application";
		};
/* End PBXNativeTarget section */

/* Begin PBXProject section */
		F40EA4711FD9BD7200D4B06E /* Project object */ = {
			isa = PBXProject;
			attributes = {
				LastSwiftUpdateCheck = 0910;
				LastUpgradeCheck = 0910;
				ORGANIZATIONNAME = "Algonquin College";
				TargetAttributes = {
					F40EA4781FD9BD7200D4B06E = {
						CreatedOnToolsVersion = 9.1;
						ProvisioningStyle = Automatic;
					};
				};
			};
			buildConfigurationList = F40EA4741FD9BD7200D4B06E /* Build configuration list for PBXProject "Doors Open Ottawa" */;
			compatibilityVersion = "Xcode 8.0";
			developmentRegion = en;
			hasScannedForEncodings = 0;
			knownRegions = (
				en,
				Base,
			);
			mainGroup = F40EA4701FD9BD7200D4B06E;
			productRefGroup = F40EA47A1FD9BD7200D4B06E /* Products */;
			projectDirPath = "";
			projectRoot = "";
			targets = (
				F40EA4781FD9BD7200D4B06E /* Doors Open Ottawa */,
			);
		};
/* End PBXProject section */

/* Begin PBXResourcesBuildPhase section */
		F40EA4771FD9BD7200D4B06E /* Resources */ = {
			isa = PBXResourcesBuildPhase;
			buildActionMask = 2147483647;
			files = (
				F40EA4871FD9BD7200D4B06E /* LaunchScreen.storyboard in Resources */,
				F40EA4841FD9BD7200D4B06E /* Assets.xcassets in Resources */,
				F40EA4821FD9BD7200D4B06E /* Main.storyboard in Resources */,
			);
			runOnlyForDeploymentPostprocessing = 0;
		};
/* End PBXResourcesBuildPhase section */

/* Begin PBXSourcesBuildPhase section */
		F40EA4751FD9BD7200D4B06E /* Sources */ = {
			isa = PBXSourcesBuildPhase;
			buildActionMask = 2147483647;
			files = (
				F40EA47D1FD9BD7200D4B06E /* AppDelegate.swift in Sources */,
				F40EA4911FD9BEFA00D4B06E /* BuildingDetailsViewController.swift in Sources */,
				F40EA48F1FD9BEDD00D4B06E /* BuildingsTableViewController.swift in Sources */,
			);
			runOnlyForDeploymentPostprocessing = 0;
		};
/* End PBXSourcesBuildPhase section */

/* Begin PBXVariantGroup section */
		F40EA4801FD9BD7200D4B06E /* Main.storyboard */ = {
			isa = PBXVariantGroup;
			children = (
				F40EA4811FD9BD7200D4B06E /* Base */,
			);
			name = Main.storyboard;
			sourceTree = "<group>";
		};
		F40EA4851FD9BD7200D4B06E /* LaunchScreen.storyboard */ = {
			isa = PBXVariantGroup;
			children = (
				F40EA4861FD9BD7200D4B06E /* Base */,
			);
			name = LaunchScreen.storyboard;
			sourceTree = "<group>";
		};
/* End PBXVariantGroup section */

/* Begin XCBuildConfiguration section */
		F40EA4891FD9BD7200D4B06E /* Debug */ = {
			isa = XCBuildConfiguration;
			buildSettings = {
				ALWAYS_SEARCH_USER_PATHS = NO;
				CLANG_ANALYZER_NONNULL = YES;
				CLANG_ANALYZER_NUMBER_OBJECT_CONVERSION = YES_AGGRESSIVE;
				CLANG_CXX_LANGUAGE_STANDARD = "gnu++14";
				CLANG_CXX_LIBRARY = "libc++";
				CLANG_ENABLE_MODULES = YES;
				CLANG_ENABLE_OBJC_ARC = YES;
				CLANG_WARN_BLOCK_CAPTURE_AUTORELEASING = YES;
				CLANG_WARN_BOOL_CONVERSION = YES;
				CLANG_WARN_COMMA = YES;
				CLANG_WARN_CONSTANT_CONVERSION = YES;
				CLANG_WARN_DIRECT_OBJC_ISA_USAGE = YES_ERROR;
				CLANG_WARN_DOCUMENTATION_COMMENTS = YES;
				CLANG_WARN_EMPTY_BODY = YES;
				CLANG_WARN_ENUM_CONVERSION = YES;
				CLANG_WARN_INFINITE_RECURSION = YES;
				CLANG_WARN_INT_CONVERSION = YES;
				CLANG_WARN_NON_LITERAL_NULL_CONVERSION = YES;
				CLANG_WARN_OBJC_LITERAL_CONVERSION = YES;
				CLANG_WARN_OBJC_ROOT_CLASS = YES_ERROR;
				CLANG_WARN_RANGE_LOOP_ANALYSIS = YES;
				CLANG_WARN_STRICT_PROTOTYPES = YES;
				CLANG_WARN_SUSPICIOUS_MOVE = YES;
				CLANG_WARN_UNGUARDED_AVAILABILITY = YES_AGGRESSIVE;
				CLANG_WARN_UNREACHABLE_CODE = YES;
				CLANG_WARN__DUPLICATE_METHOD_MATCH = YES;
				CODE_SIGN_IDENTITY = "iPhone Developer";
				COPY_PHASE_STRIP = NO;
				DEBUG_INFORMATION_FORMAT = dwarf;
				ENABLE_STRICT_OBJC_MSGSEND = YES;
				ENABLE_TESTABILITY = YES;
				GCC_C_LANGUAGE_STANDARD = gnu11;
				GCC_DYNAMIC_NO_PIC = NO;
				GCC_NO_COMMON_BLOCKS = YES;
				GCC_OPTIMIZATION_LEVEL = 0;
				GCC_PREPROCESSOR_DEFINITIONS = (
					"DEBUG=1",
					"$(inherited)",
				);
				GCC_WARN_64_TO_32_BIT_CONVERSION = YES;
				GCC_WARN_ABOUT_RETURN_TYPE = YES_ERROR;
				GCC_WARN_UNDECLARED_SELECTOR = YES;
				GCC_WARN_UNINITIALIZED_AUTOS = YES_AGGRESSIVE;
				GCC_WARN_UNUSED_FUNCTION = YES;
				GCC_WARN_UNUSED_VARIABLE = YES;
				IPHONEOS_DEPLOYMENT_TARGET = 11.1;
				MTL_ENABLE_DEBUG_INFO = YES;
				ONLY_ACTIVE_ARCH = YES;
				SDKROOT = iphoneos;
				SWIFT_ACTIVE_COMPILATION_CONDITIONS = DEBUG;
				SWIFT_OPTIMIZATION_LEVEL = "-Onone";
			};
			name = Debug;
		};
		F40EA48A1FD9BD7200D4B06E /* Release */ = {
			isa = XCBuildConfiguration;
			buildSettings = {
				ALWAYS_SEARCH_USER_PATHS = NO;
				CLANG_ANALYZER_NONNULL = YES;
				CLANG_ANALYZER_NUMBER_OBJECT_CONVERSION = YES_AGGRESSIVE;
				CLANG_CXX_LANGUAGE_STANDARD = "gnu++14";
				CLANG_CXX_LIBRARY = "libc++";
				CLANG_ENABLE_MODULES = YES;
				CLANG_ENABLE_OBJC_ARC = YES;
				CLANG_WARN_BLOCK_CAPTURE_AUTORELEASING = YES;
				CLANG_WARN_BOOL_CONVERSION = YES;
				CLANG_WARN_COMMA = YES;
				CLANG_WARN_CONSTANT_CONVERSION = YES;
				CLANG_WARN_DIRECT_OBJC_ISA_USAGE = YES_ERROR;
				CLANG_WARN_DOCUMENTATION_COMMENTS = YES;
				CLANG_WARN_EMPTY_BODY = YES;
				CLANG_WARN_ENUM_CONVERSION = YES;
				CLANG_WARN_INFINITE_RECURSION = YES;
				CLANG_WARN_INT_CONVERSION = YES;
				CLANG_WARN_NON_LITERAL_NULL_CONVERSION = YES;
				CLANG_WARN_OBJC_LITERAL_CONVERSION = YES;
				CLANG_WARN_OBJC_ROOT_CLASS = YES_ERROR;
				CLANG_WARN_RANGE_LOOP_ANALYSIS = YES;
				CLANG_WARN_STRICT_PROTOTYPES = YES;
				CLANG_WARN_SUSPICIOUS_MOVE = YES;
				CLANG_WARN_UNGUARDED_AVAILABILITY = YES_AGGRESSIVE;
				CLANG_WARN_UNREACHABLE_CODE = YES;
				CLANG_WARN__DUPLICATE_METHOD_MATCH = YES;
				CODE_SIGN_IDENTITY = "iPhone Developer";
				COPY_PHASE_STRIP = NO;
				DEBUG_INFORMATION_FORMAT = "dwarf-with-dsym";
				ENABLE_NS_ASSERTIONS = NO;
				ENABLE_STRICT_OBJC_MSGSEND = YES;
				GCC_C_LANGUAGE_STANDARD = gnu11;
				GCC_NO_COMMON_BLOCKS = YES;
				GCC_WARN_64_TO_32_BIT_CONVERSION = YES;
				GCC_WARN_ABOUT_RETURN_TYPE = YES_ERROR;
				GCC_WARN_UNDECLARED_SELECTOR = YES;
				GCC_WARN_UNINITIALIZED_AUTOS = YES_AGGRESSIVE;
				GCC_WARN_UNUSED_FUNCTION = YES;
				GCC_WARN_UNUSED_VARIABLE = YES;
				IPHONEOS_DEPLOYMENT_TARGET = 11.1;
				MTL_ENABLE_DEBUG_INFO = NO;
				SDKROOT = iphoneos;
				SWIFT_OPTIMIZATION_LEVEL = "-Owholemodule";
				VALIDATE_PRODUCT = YES;
			};
			name = Release;
		};
		F40EA48C1FD9BD7200D4B06E /* Debug */ = {
			isa = XCBuildConfiguration;
			buildSettings = {
				ASSETCATALOG_COMPILER_APPICON_NAME = AppIcon;
				CODE_SIGN_STYLE = Automatic;
				INFOPLIST_FILE = "Doors Open Ottawa/Info.plist";
				LD_RUNPATH_SEARCH_PATHS = "$(inherited) @executable_path/Frameworks";
				PRODUCT_BUNDLE_IDENTIFIER = "com.AlgonquinCollege.riba0007.Doors-Open-Ottawa";
				PRODUCT_NAME = "$(TARGET_NAME)";
				SWIFT_VERSION = 4.0;
				TARGETED_DEVICE_FAMILY = "1,2";
			};
			name = Debug;
		};
		F40EA48D1FD9BD7200D4B06E /* Release */ = {
			isa = XCBuildConfiguration;
			buildSettings = {
				ASSETCATALOG_COMPILER_APPICON_NAME = AppIcon;
				CODE_SIGN_STYLE = Automatic;
				INFOPLIST_FILE = "Doors Open Ottawa/Info.plist";
				LD_RUNPATH_SEARCH_PATHS = "$(inherited) @executable_path/Frameworks";
				PRODUCT_BUNDLE_IDENTIFIER = "com.AlgonquinCollege.riba0007.Doors-Open-Ottawa";
				PRODUCT_NAME = "$(TARGET_NAME)";
				SWIFT_VERSION = 4.0;
				TARGETED_DEVICE_FAMILY = "1,2";
			};
			name = Release;
		};
/* End XCBuildConfiguration section */

/* Begin XCConfigurationList section */
		F40EA4741FD9BD7200D4B06E /* Build configuration list for PBXProject "Doors Open Ottawa" */ = {
			isa = XCConfigurationList;
			buildConfigurations = (
				F40EA4891FD9BD7200D4B06E /* Debug */,
				F40EA48A1FD9BD7200D4B06E /* Release */,
			);
			defaultConfigurationIsVisible = 0;
			defaultConfigurationName = Release;
		};
		F40EA48B1FD9BD7200D4B06E /* Build configuration list for PBXNativeTarget "Doors Open Ottawa" */ = {
			isa = XCConfigurationList;
			buildConfigurations = (
				F40EA48C1FD9BD7200D4B06E /* Debug */,
				F40EA48D1FD9BD7200D4B06E /* Release */,
			);
			defaultConfigurationIsVisible = 0;
			defaultConfigurationName = Release;
		};
/* End XCConfigurationList section */
	};
	rootObject = F40EA4711FD9BD7200D4B06E /* Project object */;
}
